// !$*UTF8*$!
{
	archiveVersion = 1;
	classes = {
	};
	objectVersion = 50;
	objects = {

/* Begin PBXBuildFile section */
		F501BCD3226A573800202896 /* AppDelegate.swift in Sources */ = {isa = PBXBuildFile; fileRef = F501BCD2226A573800202896 /* AppDelegate.swift */; };
		F501BCD5226A573800202896 /* ViewController.swift in Sources */ = {isa = PBXBuildFile; fileRef = F501BCD4226A573800202896 /* ViewController.swift */; };
		F501BCD8226A573800202896 /* Main.storyboard in Resources */ = {isa = PBXBuildFile; fileRef = F501BCD6226A573800202896 /* Main.storyboard */; };
		F501BCDB226A573800202896 /* Coeval.xcdatamodeld in Sources */ = {isa = PBXBuildFile; fileRef = F501BCD9226A573800202896 /* Coeval.xcdatamodeld */; };
		F501BCDD226A573900202896 /* Assets.xcassets in Resources */ = {isa = PBXBuildFile; fileRef = F501BCDC226A573900202896 /* Assets.xcassets */; };
		F501BCE0226A573900202896 /* LaunchScreen.storyboard in Resources */ = {isa = PBXBuildFile; fileRef = F501BCDE226A573900202896 /* LaunchScreen.storyboard */; };
		F501BCEB226A573900202896 /* CoevalTests.swift in Sources */ = {isa = PBXBuildFile; fileRef = F501BCEA226A573900202896 /* CoevalTests.swift */; };
		F501BCF6226A573A00202896 /* CoevalUITests.swift in Sources */ = {isa = PBXBuildFile; fileRef = F501BCF5226A573A00202896 /* CoevalUITests.swift */; };
/* End PBXBuildFile section */

/* Begin PBXContainerItemProxy section */
		F501BCE7226A573900202896 /* PBXContainerItemProxy */ = {
			isa = PBXContainerItemProxy;
			containerPortal = F501BCC7226A573800202896 /* Project object */;
			proxyType = 1;
			remoteGlobalIDString = F501BCCE226A573800202896;
			remoteInfo = Coeval;
		};
		F501BCF2226A573A00202896 /* PBXContainerItemProxy */ = {
			isa = PBXContainerItemProxy;
			containerPortal = F501BCC7226A573800202896 /* Project object */;
			proxyType = 1;
			remoteGlobalIDString = F501BCCE226A573800202896;
			remoteInfo = Coeval;
		};
/* End PBXContainerItemProxy section */

/* Begin PBXFileReference section */
		F501BCCF226A573800202896 /* Coeval.app */ = {isa = PBXFileReference; explicitFileType = wrapper.application; includeInIndex = 0; path = Coeval.app; sourceTree = BUILT_PRODUCTS_DIR; };
		F501BCD2226A573800202896 /* AppDelegate.swift */ = {isa = PBXFileReference; lastKnownFileType = sourcecode.swift; path = AppDelegate.swift; sourceTree = "<group>"; };
		F501BCD4226A573800202896 /* ViewController.swift */ = {isa = PBXFileReference; lastKnownFileType = sourcecode.swift; path = ViewController.swift; sourceTree = "<group>"; };
		F501BCD7226A573800202896 /* Base */ = {isa = PBXFileReference; lastKnownFileType = file.storyboard; name = Base; path = Base.lproj/Main.storyboard; sourceTree = "<group>"; };
		F501BCDA226A573800202896 /* Coeval.xcdatamodel */ = {isa = PBXFileReference; lastKnownFileType = wrapper.xcdatamodel; path = Coeval.xcdatamodel; sourceTree = "<group>"; };
		F501BCDC226A573900202896 /* Assets.xcassets */ = {isa = PBXFileReference; lastKnownFileType = folder.assetcatalog; path = Assets.xcassets; sourceTree = "<group>"; };
		F501BCDF226A573900202896 /* Base */ = {isa = PBXFileReference; lastKnownFileType = file.storyboard; name = Base; path = Base.lproj/LaunchScreen.storyboard; sourceTree = "<group>"; };
		F501BCE1226A573900202896 /* Info.plist */ = {isa = PBXFileReference; lastKnownFileType = text.plist.xml; path = Info.plist; sourceTree = "<group>"; };
		F501BCE6226A573900202896 /* CoevalTests.xctest */ = {isa = PBXFileReference; explicitFileType = wrapper.cfbundle; includeInIndex = 0; path = CoevalTests.xctest; sourceTree = BUILT_PRODUCTS_DIR; };
		F501BCEA226A573900202896 /* CoevalTests.swift */ = {isa = PBXFileReference; lastKnownFileType = sourcecode.swift; path = CoevalTests.swift; sourceTree = "<group>"; };
		F501BCEC226A573A00202896 /* Info.plist */ = {isa = PBXFileReference; lastKnownFileType = text.plist.xml; path = Info.plist; sourceTree = "<group>"; };
		F501BCF1226A573A00202896 /* CoevalUITests.xctest */ = {isa = PBXFileReference; explicitFileType = wrapper.cfbundle; includeInIndex = 0; path = CoevalUITests.xctest; sourceTree = BUILT_PRODUCTS_DIR; };
		F501BCF5226A573A00202896 /* CoevalUITests.swift */ = {isa = PBXFileReference; lastKnownFileType = sourcecode.swift; path = CoevalUITests.swift; sourceTree = "<group>"; };
		F501BCF7226A573A00202896 /* Info.plist */ = {isa = PBXFileReference; lastKnownFileType = text.plist.xml; path = Info.plist; sourceTree = "<group>"; };
/* End PBXFileReference section */

/* Begin PBXFrameworksBuildPhase section */
		F501BCCC226A573800202896 /* Frameworks */ = {
			isa = PBXFrameworksBuildPhase;
			buildActionMask = 2147483647;
			files = (
			);
			runOnlyForDeploymentPostprocessing = 0;
		};
		F501BCE3226A573900202896 /* Frameworks */ = {
			isa = PBXFrameworksBuildPhase;
			buildActionMask = 2147483647;
			files = (
			);
			runOnlyForDeploymentPostprocessing = 0;
		};
		F501BCEE226A573A00202896 /* Frameworks */ = {
			isa = PBXFrameworksBuildPhase;
			buildActionMask = 2147483647;
			files = (
			);
			runOnlyForDeploymentPostprocessing = 0;
		};
/* End PBXFrameworksBuildPhase section */

/* Begin PBXGroup section */
		F501BCC6226A573800202896 = {
			isa = PBXGroup;
			children = (
				F501BCD1226A573800202896 /* Coeval */,
				F501BCE9226A573900202896 /* CoevalTests */,
				F501BCF4226A573A00202896 /* CoevalUITests */,
				F501BCD0226A573800202896 /* Products */,
			);
			sourceTree = "<group>";
		};
		F501BCD0226A573800202896 /* Products */ = {
			isa = PBXGroup;
			children = (
				F501BCCF226A573800202896 /* Coeval.app */,
				F501BCE6226A573900202896 /* CoevalTests.xctest */,
				F501BCF1226A573A00202896 /* CoevalUITests.xctest */,
			);
			name = Products;
			sourceTree = "<group>";
		};
		F501BCD1226A573800202896 /* Coeval */ = {
			isa = PBXGroup;
			children = (
				F501BCD2226A573800202896 /* AppDelegate.swift */,
				F501BCD4226A573800202896 /* ViewController.swift */,
				F501BCD6226A573800202896 /* Main.storyboard */,
				F501BCDC226A573900202896 /* Assets.xcassets */,
				F501BCDE226A573900202896 /* LaunchScreen.storyboard */,
				F501BCE1226A573900202896 /* Info.plist */,
				F501BCD9226A573800202896 /* Coeval.xcdatamodeld */,
			);
			path = Coeval;
			sourceTree = "<group>";
		};
		F501BCE9226A573900202896 /* CoevalTests */ = {
			isa = PBXGroup;
			children = (
				F501BCEA226A573900202896 /* CoevalTests.swift */,
				F501BCEC226A573A00202896 /* Info.plist */,
			);
			path = CoevalTests;
			sourceTree = "<group>";
		};
		F501BCF4226A573A00202896 /* CoevalUITests */ = {
			isa = PBXGroup;
			children = (
				F501BCF5226A573A00202896 /* CoevalUITests.swift */,
				F501BCF7226A573A00202896 /* Info.plist */,
			);
			path = CoevalUITests;
			sourceTree = "<group>";
		};
/* End PBXGroup section */

/* Begin PBXNativeTarget section */
		F501BCCE226A573800202896 /* Coeval */ = {
			isa = PBXNativeTarget;
			buildConfigurationList = F501BCFA226A573A00202896 /* Build configuration list for PBXNativeTarget "Coeval" */;
			buildPhases = (
				F501BCCB226A573800202896 /* Sources */,
				F501BCCC226A573800202896 /* Frameworks */,
				F501BCCD226A573800202896 /* Resources */,
			);
			buildRules = (
			);
			dependencies = (
			);
			name = Coeval;
			productName = Coeval;
			productReference = F501BCCF226A573800202896 /* Coeval.app */;
			productType = "com.apple.product-type.application";
		};
		F501BCE5226A573900202896 /* CoevalTests */ = {
			isa = PBXNativeTarget;
			buildConfigurationList = F501BCFD226A573A00202896 /* Build configuration list for PBXNativeTarget "CoevalTests" */;
			buildPhases = (
				F501BCE2226A573900202896 /* Sources */,
				F501BCE3226A573900202896 /* Frameworks */,
				F501BCE4226A573900202896 /* Resources */,
			);
			buildRules = (
			);
			dependencies = (
				F501BCE8226A573900202896 /* PBXTargetDependency */,
			);
			name = CoevalTests;
			productName = CoevalTests;
			productReference = F501BCE6226A573900202896 /* CoevalTests.xctest */;
			productType = "com.apple.product-type.bundle.unit-test";
		};
		F501BCF0226A573A00202896 /* CoevalUITests */ = {
			isa = PBXNativeTarget;
			buildConfigurationList = F501BD00226A573A00202896 /* Build configuration list for PBXNativeTarget "CoevalUITests" */;
			buildPhases = (
				F501BCED226A573A00202896 /* Sources */,
				F501BCEE226A573A00202896 /* Frameworks */,
				F501BCEF226A573A00202896 /* Resources */,
			);
			buildRules = (
			);
			dependencies = (
				F501BCF3226A573A00202896 /* PBXTargetDependency */,
			);
			name = CoevalUITests;
			productName = CoevalUITests;
			productReference = F501BCF1226A573A00202896 /* CoevalUITests.xctest */;
			productType = "com.apple.product-type.bundle.ui-testing";
		};
/* End PBXNativeTarget section */

/* Begin PBXProject section */
		F501BCC7226A573800202896 /* Project object */ = {
			isa = PBXProject;
			attributes = {
				LastSwiftUpdateCheck = 1010;
				LastUpgradeCheck = 1010;
				ORGANIZATIONNAME = "Steven Suranie";
				TargetAttributes = {
					F501BCCE226A573800202896 = {
						CreatedOnToolsVersion = 10.1;
					};
					F501BCE5226A573900202896 = {
						CreatedOnToolsVersion = 10.1;
						TestTargetID = F501BCCE226A573800202896;
					};
					F501BCF0226A573A00202896 = {
						CreatedOnToolsVersion = 10.1;
						TestTargetID = F501BCCE226A573800202896;
					};
				};
			};
			buildConfigurationList = F501BCCA226A573800202896 /* Build configuration list for PBXProject "Coeval" */;
			compatibilityVersion = "Xcode 9.3";
			developmentRegion = en;
			hasScannedForEncodings = 0;
			knownRegions = (
				en,
				Base,
			);
			mainGroup = F501BCC6226A573800202896;
			productRefGroup = F501BCD0226A573800202896 /* Products */;
			projectDirPath = "";
			projectRoot = "";
			targets = (
				F501BCCE226A573800202896 /* Coeval */,
				F501BCE5226A573900202896 /* CoevalTests */,
				F501BCF0226A573A00202896 /* CoevalUITests */,
			);
		};
/* End PBXProject section */

/* Begin PBXResourcesBuildPhase section */
		F501BCCD226A573800202896 /* Resources */ = {
			isa = PBXResourcesBuildPhase;
			buildActionMask = 2147483647;
			files = (
				F501BCE0226A573900202896 /* LaunchScreen.storyboard in Resources */,
				F501BCDD226A573900202896 /* Assets.xcassets in Resources */,
				F501BCD8226A573800202896 /* Main.storyboard in Resources */,
			);
			runOnlyForDeploymentPostprocessing = 0;
		};
		F501BCE4226A573900202896 /* Resources */ = {
			isa = PBXResourcesBuildPhase;
			buildActionMask = 2147483647;
			files = (
			);
			runOnlyForDeploymentPostprocessing = 0;
		};
		F501BCEF226A573A00202896 /* Resources */ = {
			isa = PBXResourcesBuildPhase;
			buildActionMask = 2147483647;
			files = (
			);
			runOnlyForDeploymentPostprocessing = 0;
		};
/* End PBXResourcesBuildPhase section */

/* Begin PBXSourcesBuildPhase section */
		F501BCCB226A573800202896 /* Sources */ = {
			isa = PBXSourcesBuildPhase;
			buildActionMask = 2147483647;
			files = (
				F501BCDB226A573800202896 /* Coeval.xcdatamodeld in Sources */,
				F501BCD5226A573800202896 /* ViewController.swift in Sources */,
				F501BCD3226A573800202896 /* AppDelegate.swift in Sources */,
			);
			runOnlyForDeploymentPostprocessing = 0;
		};
		F501BCE2226A573900202896 /* Sources */ = {
			isa = PBXSourcesBuildPhase;
			buildActionMask = 2147483647;
			files = (
				F501BCEB226A573900202896 /* CoevalTests.swift in Sources */,
			);
			runOnlyForDeploymentPostprocessing = 0;
		};
		F501BCED226A573A00202896 /* Sources */ = {
			isa = PBXSourcesBuildPhase;
			buildActionMask = 2147483647;
			files = (
				F501BCF6226A573A00202896 /* CoevalUITests.swift in Sources */,
			);
			runOnlyForDeploymentPostprocessing = 0;
		};
/* End PBXSourcesBuildPhase section */

/* Begin PBXTargetDependency section */
		F501BCE8226A573900202896 /* PBXTargetDependency */ = {
			isa = PBXTargetDependency;
			target = F501BCCE226A573800202896 /* Coeval */;
			targetProxy = F501BCE7226A573900202896 /* PBXContainerItemProxy */;
		};
		F501BCF3226A573A00202896 /* PBXTargetDependency */ = {
			isa = PBXTargetDependency;
			target = F501BCCE226A573800202896 /* Coeval */;
			targetProxy = F501BCF2226A573A00202896 /* PBXContainerItemProxy */;
		};
/* End PBXTargetDependency section */

/* Begin PBXVariantGroup section */
		F501BCD6226A573800202896 /* Main.storyboard */ = {
			isa = PBXVariantGroup;
			children = (
				F501BCD7226A573800202896 /* Base */,
			);
			name = Main.storyboard;
			sourceTree = "<group>";
		};
		F501BCDE226A573900202896 /* LaunchScreen.storyboard */ = {
			isa = PBXVariantGroup;
			children = (
				F501BCDF226A573900202896 /* Base */,
			);
			name = LaunchScreen.storyboard;
			sourceTree = "<group>";
		};
/* End PBXVariantGroup section */

/* Begin XCBuildConfiguration section */
		F501BCF8226A573A00202896 /* Debug */ = {
			isa = XCBuildConfiguration;
			buildSettings = {
				ALWAYS_SEARCH_USER_PATHS = NO;
				CLANG_ANALYZER_NONNULL = YES;
				CLANG_ANALYZER_NUMBER_OBJECT_CONVERSION = YES_AGGRESSIVE;
				CLANG_CXX_LANGUAGE_STANDARD = "gnu++14";
				CLANG_CXX_LIBRARY = "libc++";
				CLANG_ENABLE_MODULES = YES;
				CLANG_ENABLE_OBJC_ARC = YES;
				CLANG_ENABLE_OBJC_WEAK = YES;
				CLANG_WARN_BLOCK_CAPTURE_AUTORELEASING = YES;
				CLANG_WARN_BOOL_CONVERSION = YES;
				CLANG_WARN_COMMA = YES;
				CLANG_WARN_CONSTANT_CONVERSION = YES;
				CLANG_WARN_DEPRECATED_OBJC_IMPLEMENTATIONS = YES;
				CLANG_WARN_DIRECT_OBJC_ISA_USAGE = YES_ERROR;
				CLANG_WARN_DOCUMENTATION_COMMENTS = YES;
				CLANG_WARN_EMPTY_BODY = YES;
				CLANG_WARN_ENUM_CONVERSION = YES;
				CLANG_WARN_INFINITE_RECURSION = YES;
				CLANG_WARN_INT_CONVERSION = YES;
				CLANG_WARN_NON_LITERAL_NULL_CONVERSION = YES;
				CLANG_WARN_OBJC_IMPLICIT_RETAIN_SELF = YES;
				CLANG_WARN_OBJC_LITERAL_CONVERSION = YES;
				CLANG_WARN_OBJC_ROOT_CLASS = YES_ERROR;
				CLANG_WARN_RANGE_LOOP_ANALYSIS = YES;
				CLANG_WARN_STRICT_PROTOTYPES = YES;
				CLANG_WARN_SUSPICIOUS_MOVE = YES;
				CLANG_WARN_UNGUARDED_AVAILABILITY = YES_AGGRESSIVE;
				CLANG_WARN_UNREACHABLE_CODE = YES;
				CLANG_WARN__DUPLICATE_METHOD_MATCH = YES;
				CODE_SIGN_IDENTITY = "iPhone Developer";
				COPY_PHASE_STRIP = NO;
				DEBUG_INFORMATION_FORMAT = dwarf;
				ENABLE_STRICT_OBJC_MSGSEND = YES;
				ENABLE_TESTABILITY = YES;
				GCC_C_LANGUAGE_STANDARD = gnu11;
				GCC_DYNAMIC_NO_PIC = NO;
				GCC_NO_COMMON_BLOCKS = YES;
				GCC_OPTIMIZATION_LEVEL = 0;
				GCC_PREPROCESSOR_DEFINITIONS = (
					"DEBUG=1",
					"$(inherited)",
				);
				GCC_WARN_64_TO_32_BIT_CONVERSION = YES;
				GCC_WARN_ABOUT_RETURN_TYPE = YES_ERROR;
				GCC_WARN_UNDECLARED_SELECTOR = YES;
				GCC_WARN_UNINITIALIZED_AUTOS = YES_AGGRESSIVE;
				GCC_WARN_UNUSED_FUNCTION = YES;
				GCC_WARN_UNUSED_VARIABLE = YES;
				IPHONEOS_DEPLOYMENT_TARGET = 12.1;
				MTL_ENABLE_DEBUG_INFO = INCLUDE_SOURCE;
				MTL_FAST_MATH = YES;
				ONLY_ACTIVE_ARCH = YES;
				SDKROOT = iphoneos;
				SWIFT_ACTIVE_COMPILATION_CONDITIONS = DEBUG;
				SWIFT_OPTIMIZATION_LEVEL = "-Onone";
			};
			name = Debug;
		};
		F501BCF9226A573A00202896 /* Release */ = {
			isa = XCBuildConfiguration;
			buildSettings = {
				ALWAYS_SEARCH_USER_PATHS = NO;
				CLANG_ANALYZER_NONNULL = YES;
				CLANG_ANALYZER_NUMBER_OBJECT_CONVERSION = YES_AGGRESSIVE;
				CLANG_CXX_LANGUAGE_STANDARD = "gnu++14";
				CLANG_CXX_LIBRARY = "libc++";
				CLANG_ENABLE_MODULES = YES;
				CLANG_ENABLE_OBJC_ARC = YES;
				CLANG_ENABLE_OBJC_WEAK = YES;
				CLANG_WARN_BLOCK_CAPTURE_AUTORELEASING = YES;
				CLANG_WARN_BOOL_CONVERSION = YES;
				CLANG_WARN_COMMA = YES;
				CLANG_WARN_CONSTANT_CONVERSION = YES;
				CLANG_WARN_DEPRECATED_OBJC_IMPLEMENTATIONS = YES;
				CLANG_WARN_DIRECT_OBJC_ISA_USAGE = YES_ERROR;
				CLANG_WARN_DOCUMENTATION_COMMENTS = YES;
				CLANG_WARN_EMPTY_BODY = YES;
				CLANG_WARN_ENUM_CONVERSION = YES;
				CLANG_WARN_INFINITE_RECURSION = YES;
				CLANG_WARN_INT_CONVERSION = YES;
				CLANG_WARN_NON_LITERAL_NULL_CONVERSION = YES;
				CLANG_WARN_OBJC_IMPLICIT_RETAIN_SELF = YES;
				CLANG_WARN_OBJC_LITERAL_CONVERSION = YES;
				CLANG_WARN_OBJC_ROOT_CLASS = YES_ERROR;
				CLANG_WARN_RANGE_LOOP_ANALYSIS = YES;
				CLANG_WARN_STRICT_PROTOTYPES = YES;
				CLANG_WARN_SUSPICIOUS_MOVE = YES;
				CLANG_WARN_UNGUARDED_AVAILABILITY = YES_AGGRESSIVE;
				CLANG_WARN_UNREACHABLE_CODE = YES;
				CLANG_WARN__DUPLICATE_METHOD_MATCH = YES;
				CODE_SIGN_IDENTITY = "iPhone Developer";
				COPY_PHASE_STRIP = NO;
				DEBUG_INFORMATION_FORMAT = "dwarf-with-dsym";
				ENABLE_NS_ASSERTIONS = NO;
				ENABLE_STRICT_OBJC_MSGSEND = YES;
				GCC_C_LANGUAGE_STANDARD = gnu11;
				GCC_NO_COMMON_BLOCKS = YES;
				GCC_WARN_64_TO_32_BIT_CONVERSION = YES;
				GCC_WARN_ABOUT_RETURN_TYPE = YES_ERROR;
				GCC_WARN_UNDECLARED_SELECTOR = YES;
				GCC_WARN_UNINITIALIZED_AUTOS = YES_AGGRESSIVE;
				GCC_WARN_UNUSED_FUNCTION = YES;
				GCC_WARN_UNUSED_VARIABLE = YES;
				IPHONEOS_DEPLOYMENT_TARGET = 12.1;
				MTL_ENABLE_DEBUG_INFO = NO;
				MTL_FAST_MATH = YES;
				SDKROOT = iphoneos;
				SWIFT_COMPILATION_MODE = wholemodule;
				SWIFT_OPTIMIZATION_LEVEL = "-O";
				VALIDATE_PRODUCT = YES;
			};
			name = Release;
		};
		F501BCFB226A573A00202896 /* Debug */ = {
			isa = XCBuildConfiguration;
			buildSettings = {
				ASSETCATALOG_COMPILER_APPICON_NAME = AppIcon;
				CODE_SIGN_STYLE = Automatic;
				DEVELOPMENT_TEAM = KHBJ3696UH;
				INFOPLIST_FILE = Coeval/Info.plist;
				LD_RUNPATH_SEARCH_PATHS = (
					"$(inherited)",
					"@executable_path/Frameworks",
				);
				PRODUCT_BUNDLE_IDENTIFIER = com.martiantribe.Coeval;
				PRODUCT_NAME = "$(TARGET_NAME)";
				SWIFT_VERSION = 4.2;
				TARGETED_DEVICE_FAMILY = "1,2";
			};
			name = Debug;
		};
		F501BCFC226A573A00202896 /* Release */ = {
			isa = XCBuildConfiguration;
			buildSettings = {
				ASSETCATALOG_COMPILER_APPICON_NAME = AppIcon;
				CODE_SIGN_STYLE = Automatic;
				DEVELOPMENT_TEAM = KHBJ3696UH;
				INFOPLIST_FILE = Coeval/Info.plist;
				LD_RUNPATH_SEARCH_PATHS = (
					"$(inherited)",
					"@executable_path/Frameworks",
				);
				PRODUCT_BUNDLE_IDENTIFIER = com.martiantribe.Coeval;
				PRODUCT_NAME = "$(TARGET_NAME)";
				SWIFT_VERSION = 4.2;
				TARGETED_DEVICE_FAMILY = "1,2";
			};
			name = Release;
		};
		F501BCFE226A573A00202896 /* Debug */ = {
			isa = XCBuildConfiguration;
			buildSettings = {
				ALWAYS_EMBED_SWIFT_STANDARD_LIBRARIES = YES;
				BUNDLE_LOADER = "$(TEST_HOST)";
				CODE_SIGN_STYLE = Automatic;
				DEVELOPMENT_TEAM = KHBJ3696UH;
				INFOPLIST_FILE = CoevalTests/Info.plist;
				LD_RUNPATH_SEARCH_PATHS = (
					"$(inherited)",
					"@executable_path/Frameworks",
					"@loader_path/Frameworks",
				);
				PRODUCT_BUNDLE_IDENTIFIER = com.martiantribe.CoevalTests;
				PRODUCT_NAME = "$(TARGET_NAME)";
				SWIFT_VERSION = 4.2;
				TARGETED_DEVICE_FAMILY = "1,2";
				TEST_HOST = "$(BUILT_PRODUCTS_DIR)/Coeval.app/Coeval";
			};
			name = Debug;
		};
		F501BCFF226A573A00202896 /* Release */ = {
			isa = XCBuildConfiguration;
			buildSettings = {
				ALWAYS_EMBED_SWIFT_STANDARD_LIBRARIES = YES;
				BUNDLE_LOADER = "$(TEST_HOST)";
				CODE_SIGN_STYLE = Automatic;
				DEVELOPMENT_TEAM = KHBJ3696UH;
				INFOPLIST_FILE = CoevalTests/Info.plist;
				LD_RUNPATH_SEARCH_PATHS = (
					"$(inherited)",
					"@executable_path/Frameworks",
					"@loader_path/Frameworks",
				);
				PRODUCT_BUNDLE_IDENTIFIER = com.martiantribe.CoevalTests;
				PRODUCT_NAME = "$(TARGET_NAME)";
				SWIFT_VERSION = 4.2;
				TARGETED_DEVICE_FAMILY = "1,2";
				TEST_HOST = "$(BUILT_PRODUCTS_DIR)/Coeval.app/Coeval";
			};
			name = Release;
		};
		F501BD01226A573A00202896 /* Debug */ = {
			isa = XCBuildConfiguration;
			buildSettings = {
				ALWAYS_EMBED_SWIFT_STANDARD_LIBRARIES = YES;
				CODE_SIGN_STYLE = Automatic;
				DEVELOPMENT_TEAM = KHBJ3696UH;
				INFOPLIST_FILE = CoevalUITests/Info.plist;
				LD_RUNPATH_SEARCH_PATHS = (
					"$(inherited)",
					"@executable_path/Frameworks",
					"@loader_path/Frameworks",
				);
				PRODUCT_BUNDLE_IDENTIFIER = com.martiantribe.CoevalUITests;
				PRODUCT_NAME = "$(TARGET_NAME)";
				SWIFT_VERSION = 4.2;
				TARGETED_DEVICE_FAMILY = "1,2";
				TEST_TARGET_NAME = Coeval;
			};
			name = Debug;
		};
		F501BD02226A573A00202896 /* Release */ = {
			isa = XCBuildConfiguration;
			buildSettings = {
				ALWAYS_EMBED_SWIFT_STANDARD_LIBRARIES = YES;
				CODE_SIGN_STYLE = Automatic;
				DEVELOPMENT_TEAM = KHBJ3696UH;
				INFOPLIST_FILE = CoevalUITests/Info.plist;
				LD_RUNPATH_SEARCH_PATHS = (
					"$(inherited)",
					"@executable_path/Frameworks",
					"@loader_path/Frameworks",
				);
				PRODUCT_BUNDLE_IDENTIFIER = com.martiantribe.CoevalUITests;
				PRODUCT_NAME = "$(TARGET_NAME)";
				SWIFT_VERSION = 4.2;
				TARGETED_DEVICE_FAMILY = "1,2";
				TEST_TARGET_NAME = Coeval;
			};
			name = Release;
		};
/* End XCBuildConfiguration section */

/* Begin XCConfigurationList section */
		F501BCCA226A573800202896 /* Build configuration list for PBXProject "Coeval" */ = {
			isa = XCConfigurationList;
			buildConfigurations = (
				F501BCF8226A573A00202896 /* Debug */,
				F501BCF9226A573A00202896 /* Release */,
			);
			defaultConfigurationIsVisible = 0;
			defaultConfigurationName = Release;
		};
		F501BCFA226A573A00202896 /* Build configuration list for PBXNativeTarget "Coeval" */ = {
			isa = XCConfigurationList;
			buildConfigurations = (
				F501BCFB226A573A00202896 /* Debug */,
				F501BCFC226A573A00202896 /* Release */,
			);
			defaultConfigurationIsVisible = 0;
			defaultConfigurationName = Release;
		};
		F501BCFD226A573A00202896 /* Build configuration list for PBXNativeTarget "CoevalTests" */ = {
			isa = XCConfigurationList;
			buildConfigurations = (
				F501BCFE226A573A00202896 /* Debug */,
				F501BCFF226A573A00202896 /* Release */,
			);
			defaultConfigurationIsVisible = 0;
			defaultConfigurationName = Release;
		};
		F501BD00226A573A00202896 /* Build configuration list for PBXNativeTarget "CoevalUITests" */ = {
			isa = XCConfigurationList;
			buildConfigurations = (
				F501BD01226A573A00202896 /* Debug */,
				F501BD02226A573A00202896 /* Release */,
			);
			defaultConfigurationIsVisible = 0;
			defaultConfigurationName = Release;
		};
/* End XCConfigurationList section */

/* Begin XCVersionGroup section */
		F501BCD9226A573800202896 /* Coeval.xcdatamodeld */ = {
			isa = XCVersionGroup;
			children = (
				F501BCDA226A573800202896 /* Coeval.xcdatamodel */,
			);
			currentVersion = F501BCDA226A573800202896 /* Coeval.xcdatamodel */;
			path = Coeval.xcdatamodeld;
			sourceTree = "<group>";
			versionGroupType = wrapper.xcdatamodel;
		};
/* End XCVersionGroup section */
	};
	rootObject = F501BCC7226A573800202896 /* Project object */;
}
